{
  "name": "dns-egress-pnpm",
  "lockfileVersion": 3,
  "requires": true,
  "packages": {
    "": {
      "name": "dns-egress-pnpm",
      "dependencies": {
        "pnpm": "12.3.0"
      }
    },
    "node_modules/@pnpm/exe.darwin-arm64": {
      "version": "12.3.0",
      "resolved": "https://registry.npmjs.org/@pnpm/exe.darwin-arm64/-/exe.darwin-arm64-12.3.0.tgz",
      "integrity": "sha512-4J0iSmjp028AMHeUiGkug5Rzo5mqvKo9QUxedYcRgPTLwmuuKZ/lMMnU9EBRrdFEJyWHlUMeGZRXXiqxQSU/2w==",
      "cpu": [
        "arm64"
      ],
      "license": "MIT",
      "optional": true,
      "os": [
        "darwin"
      ]
    },
    "node_modules/@pnpm/exe.darwin-x64": {
      "version": "12.3.0",
      "resolved": "https://registry.npmjs.org/@pnpm/exe.darwin-x64/-/exe.darwin-x64-12.3.0.tgz",
      "integrity": "sha512-3G8KveX3PTdZH3hSsaQRIlmrF6N8SK1Puce3cFg4Wx304z+SGssCVoATeUf6DKNZ2OorbmfXmTJtbu01r9uvnw==",
      "cpu": [
        "x64"
      ],
      "license": "MIT",
      "optional": true,
      "os": [
        "darwin"
      ]
    },
    "node_modules/@pnpm/exe.linux-arm64": {
      "version": "12.3.0",
      "resolved": "https://registry.npmjs.org/@pnpm/exe.linux-arm64/-/exe.linux-arm64-12.3.0.tgz",
      "integrity": "sha512-GhgIr7mRJ3XT+YxelC1XcDW35RWGj2JNR5kEMxsV88SOUYdOgf1JNi6aC8Mg7S7oQsEOV5FCEKVolhUgmnyaPw==",
      "cpu": [
        "arm64"
      ],
      "license": "MIT",
      "optional": true,
      "os": [
        "linux"
      ]
    },
    "node_modules/@pnpm/exe.linux-arm64-musl": {
      "version": "12.3.0",
      "resolved": "https://registry.npmjs.org/@pnpm/exe.linux-arm64-musl/-/exe.linux-arm64-musl-12.3.0.tgz",
      "integrity": "sha512-dYGXDx/9RSjMuZfo9MFpCsUVsg1NzCmYTh5+NTPA5/QacK6s9jgjnL74gneYbTsrX5Hz8a8JFkbGsW4JESdRzA==",
      "cpu": [
        "arm64"
      ],
      "license": "MIT",
      "optional": true,
      "os": [
        "linux"
      ]
    },
    "node_modules/@pnpm/exe.linux-x64": {
      "version": "12.3.0",
      "resolved": "https://registry.npmjs.org/@pnpm/exe.linux-x64/-/exe.linux-x64-12.3.0.tgz",
      "integrity": "sha512-cF1R+g/ixeFVqktpiGV5YHHdCvkqSMxRCcI4I0ujx2cE5EZQZAjgNN/q23DwjTz5sH8bRGbvns4Y/Gf/6nUkAg==",
      "cpu": [
        "x64"
      ],
      "license": "MIT",
      "optional": true,
      "os": [
        "linux"
      ]
    },
    "node_modules/@pnpm/exe.linux-x64-musl": {
      "version": "12.3.0",
      "resolved": "https://registry.npmjs.org/@pnpm/exe.linux-x64-musl/-/exe.linux-x64-musl-12.3.0.tgz",
      "integrity": "sha512-mKatlNZyEGcUtYgVmJmVshkhq+In6PpdcSQ0aNw0lVn7Yob7Ifezmc7r4bf9nPo09B6GnF/ly5/Gx96fmFjVOw==",
      "cpu": [
        "x64"
      ],
      "license": "MIT",
      "optional": true,
      "os": [
        "linux"
      ]
    },
    "node_modules/@pnpm/exe.win32-arm64": {
      "version": "12.3.0",
      "resolved": "https://registry.npmjs.org/@pnpm/exe.win32-arm64/-/exe.win32-arm64-12.3.0.tgz",
      "integrity": "sha512-TF2Shk5Cke2bMsW2H7muW22V4dJnoY+zY87YJLY31OcEyWXwHLIVP06jS1Zy1Si8Qf/VwNJFOlCc7O69viZvjQ==",
      "cpu": [
        "arm64"
      ],
      "license": "MIT",
      "optional": true,
      "os": [
        "win32"
      ]
    },
    "node_modules/@pnpm/exe.win32-x64": {
      "version": "12.3.0",
      "resolved": "https://registry.npmjs.org/@pnpm/exe.win32-x64/-/exe.win32-x64-12.3.0.tgz",
      "integrity": "sha512-JjcFPT2jiynbo0TPQ+WZlV/u0U0PKTcJFQI49H5teEYyqvn0XxgDdiVFTwzJi+6T15tKbiAH4wZmG+LyJdcy3A==",
      "cpu": [
        "x64"
      ],
      "license": "MIT",
      "optional": true,
      "os": [
        "win32"
      ]
    },
    "node_modules/pnpm": {
      "version": "12.3.0",
      "resolved": "https://registry.npmjs.org/pnpm/-/pnpm-12.3.0.tgz",
      "integrity": "sha512-1705pIgTHeIAruwdvJyli4kEN/CbH5JbG/gg/cRj3wGjKeNpnD2Ke7GG1c8/dctozoIMadayyYNSW8CCHeTFKQ==",
      "hasInstallScript": true,
      "license": "MIT",
      "bin": {
        "pn": "pn",
        "pnpm": "pnpm",
        "pnpx": "pnpx",
        "pnx": "pnx"
      },
      "engines": {
        "node": ">=18.*"
      },
      "optionalDependencies": {
        "@pnpm/exe.darwin-arm64": "12.3.0",
        "@pnpm/exe.darwin-x64": "12.3.0",
        "@pnpm/exe.linux-arm64": "12.3.0",
        "@pnpm/exe.linux-arm64-musl": "12.3.0",
        "@pnpm/exe.linux-x64": "12.3.0",
        "@pnpm/exe.linux-x64-musl": "12.3.0",
        "@pnpm/exe.win32-arm64": "12.3.0",
        "@pnpm/exe.win32-x64": "12.3.0"
      }
    }
  }
}
